{
    "name": "gamepad-api",
    "version": "1.0.3",
    "lockfileVersion": 3,
    "requires": true,
    "packages": {
        "": {
            "name": "gamepad-api",
            "version": "1.0.3",
            "license": "MIT",
            "devDependencies": {
                "super-event-emitter": "^4.1.3"
            }
        },
        "node_modules/super-event-emitter": {
            "version": "4.1.15",
            "resolved": "https://registry.npmjs.org/super-event-emitter/-/super-event-emitter-4.1.15.tgz",
            "integrity": "sha512-eHQKF9v5zMUsUUtmzIWpxCKUrNYMvoE5Kx/9odVMh77xhGEp/hJyoMb1cyYFzj1ByRQdIPw18ATr+k7saklgWA==",
            "dev": true,
            "license": "MIT",
            "engines": {
                "node": ">=6"
            }
        }
    }
}
